// !$*UTF8*$!
{
	archiveVersion = 1;
	classes = {
	};
	objectVersion = 50;
	objects = {

/* Begin PBXBuildFile section */
		30574972259F4BD400BBA682 /* AppDelegate.m in Sources */ = {isa = PBXBuildFile; fileRef = 30574971259F4BD400BBA682 /* AppDelegate.m */; };
		30574975259F4BD400BBA682 /* SceneDelegate.m in Sources */ = {isa = PBXBuildFile; fileRef = 30574974259F4BD400BBA682 /* SceneDelegate.m */; };
		30574978259F4BD400BBA682 /* ViewController.m in Sources */ = {isa = PBXBuildFile; fileRef = 30574977259F4BD400BBA682 /* ViewController.m */; };
		3057497B259F4BD400BBA682 /* Main.storyboard in Resources */ = {isa = PBXBuildFile; fileRef = 30574979259F4BD400BBA682 /* Main.storyboard */; };
		3057497D259F4BD700BBA682 /* Assets.xcassets in Resources */ = {isa = PBXBuildFile; fileRef = 3057497C259F4BD700BBA682 /* Assets.xcassets */; };
		30574980259F4BD700BBA682 /* LaunchScreen.storyboard in Resources */ = {isa = PBXBuildFile; fileRef = 3057497E259F4BD700BBA682 /* LaunchScreen.storyboard */; };
		30574983259F4BD700BBA682 /* main.m in Sources */ = {isa = PBXBuildFile; fileRef = 30574982259F4BD700BBA682 /* main.m */; };
		3057498D259F4BD800BBA682 /* TransformTests.m in Sources */ = {isa = PBXBuildFile; fileRef = 3057498C259F4BD800BBA682 /* TransformTests.m */; };
		30574998259F4BD800BBA682 /* TransformUITests.m in Sources */ = {isa = PBXBuildFile; fileRef = 30574997259F4BD800BBA682 /* TransformUITests.m */; };
/* End PBXBuildFile section */

/* Begin PBXContainerItemProxy section */
		30574989259F4BD800BBA682 /* PBXContainerItemProxy */ = {
			isa = PBXContainerItemProxy;
			containerPortal = 30574965259F4BD400BBA682 /* Project object */;
			proxyType = 1;
			remoteGlobalIDString = 3057496C259F4BD400BBA682;
			remoteInfo = Transform;
		};
		30574994259F4BD800BBA682 /* PBXContainerItemProxy */ = {
			isa = PBXContainerItemProxy;
			containerPortal = 30574965259F4BD400BBA682 /* Project object */;
			proxyType = 1;
			remoteGlobalIDString = 3057496C259F4BD400BBA682;
			remoteInfo = Transform;
		};
/* End PBXContainerItemProxy section */

/* Begin PBXFileReference section */
		3057496D259F4BD400BBA682 /* Transform.app */ = {isa = PBXFileReference; explicitFileType = wrapper.application; includeInIndex = 0; path = Transform.app; sourceTree = BUILT_PRODUCTS_DIR; };
		30574970259F4BD400BBA682 /* AppDelegate.h */ = {isa = PBXFileReference; lastKnownFileType = sourcecode.c.h; path = AppDelegate.h; sourceTree = "<group>"; };
		30574971259F4BD400BBA682 /* AppDelegate.m */ = {isa = PBXFileReference; lastKnownFileType = sourcecode.c.objc; path = AppDelegate.m; sourceTree = "<group>"; };
		30574973259F4BD400BBA682 /* SceneDelegate.h */ = {isa = PBXFileReference; lastKnownFileType = sourcecode.c.h; path = SceneDelegate.h; sourceTree = "<group>"; };
		30574974259F4BD400BBA682 /* SceneDelegate.m */ = {isa = PBXFileReference; lastKnownFileType = sourcecode.c.objc; path = SceneDelegate.m; sourceTree = "<group>"; };
		30574976259F4BD400BBA682 /* ViewController.h */ = {isa = PBXFileReference; lastKnownFileType = sourcecode.c.h; path = ViewController.h; sourceTree = "<group>"; };
		30574977259F4BD400BBA682 /* ViewController.m */ = {isa = PBXFileReference; lastKnownFileType = sourcecode.c.objc; path = ViewController.m; sourceTree = "<group>"; };
		3057497A259F4BD400BBA682 /* Base */ = {isa = PBXFileReference; lastKnownFileType = file.storyboard; name = Base; path = Base.lproj/Main.storyboard; sourceTree = "<group>"; };
		3057497C259F4BD700BBA682 /* Assets.xcassets */ = {isa = PBXFileReference; lastKnownFileType = folder.assetcatalog; path = Assets.xcassets; sourceTree = "<group>"; };
		3057497F259F4BD700BBA682 /* Base */ = {isa = PBXFileReference; lastKnownFileType = file.storyboard; name = Base; path = Base.lproj/LaunchScreen.storyboard; sourceTree = "<group>"; };
		30574981259F4BD700BBA682 /* Info.plist */ = {isa = PBXFileReference; lastKnownFileType = text.plist.xml; path = Info.plist; sourceTree = "<group>"; };
		30574982259F4BD700BBA682 /* main.m */ = {isa = PBXFileReference; lastKnownFileType = sourcecode.c.objc; path = main.m; sourceTree = "<group>"; };
		30574988259F4BD800BBA682 /* TransformTests.xctest */ = {isa = PBXFileReference; explicitFileType = wrapper.cfbundle; includeInIndex = 0; path = TransformTests.xctest; sourceTree = BUILT_PRODUCTS_DIR; };
		3057498C259F4BD800BBA682 /* TransformTests.m */ = {isa = PBXFileReference; lastKnownFileType = sourcecode.c.objc; path = TransformTests.m; sourceTree = "<group>"; };
		3057498E259F4BD800BBA682 /* Info.plist */ = {isa = PBXFileReference; lastKnownFileType = text.plist.xml; path = Info.plist; sourceTree = "<group>"; };
		30574993259F4BD800BBA682 /* TransformUITests.xctest */ = {isa = PBXFileReference; explicitFileType = wrapper.cfbundle; includeInIndex = 0; path = TransformUITests.xctest; sourceTree = BUILT_PRODUCTS_DIR; };
		30574997259F4BD800BBA682 /* TransformUITests.m */ = {isa = PBXFileReference; lastKnownFileType = sourcecode.c.objc; path = TransformUITests.m; sourceTree = "<group>"; };
		30574999259F4BD800BBA682 /* Info.plist */ = {isa = PBXFileReference; lastKnownFileType = text.plist.xml; path = Info.plist; sourceTree = "<group>"; };
/* End PBXFileReference section */

/* Begin PBXFrameworksBuildPhase section */
		3057496A259F4BD400BBA682 /* Frameworks */ = {
			isa = PBXFrameworksBuildPhase;
			buildActionMask = 2147483647;
			files = (
			);
			runOnlyForDeploymentPostprocessing = 0;
		};
		30574985259F4BD800BBA682 /* Frameworks */ = {
			isa = PBXFrameworksBuildPhase;
			buildActionMask = 2147483647;
			files = (
			);
			runOnlyForDeploymentPostprocessing = 0;
		};
		30574990259F4BD800BBA682 /* Frameworks */ = {
			isa = PBXFrameworksBuildPhase;
			buildActionMask = 2147483647;
			files = (
			);
			runOnlyForDeploymentPostprocessing = 0;
		};
/* End PBXFrameworksBuildPhase section */

/* Begin PBXGroup section */
		30574964259F4BD400BBA682 = {
			isa = PBXGroup;
			children = (
				3057496F259F4BD400BBA682 /* Transform */,
				3057498B259F4BD800BBA682 /* TransformTests */,
				30574996259F4BD800BBA682 /* TransformUITests */,
				3057496E259F4BD400BBA682 /* Products */,
			);
			sourceTree = "<group>";
		};
		3057496E259F4BD400BBA682 /* Products */ = {
			isa = PBXGroup;
			children = (
				3057496D259F4BD400BBA682 /* Transform.app */,
				30574988259F4BD800BBA682 /* TransformTests.xctest */,
				30574993259F4BD800BBA682 /* TransformUITests.xctest */,
			);
			name = Products;
			sourceTree = "<group>";
		};
		3057496F259F4BD400BBA682 /* Transform */ = {
			isa = PBXGroup;
			children = (
				30574970259F4BD400BBA682 /* AppDelegate.h */,
				30574971259F4BD400BBA682 /* AppDelegate.m */,
				30574973259F4BD400BBA682 /* SceneDelegate.h */,
				30574974259F4BD400BBA682 /* SceneDelegate.m */,
				30574976259F4BD400BBA682 /* ViewController.h */,
				30574977259F4BD400BBA682 /* ViewController.m */,
				30574979259F4BD400BBA682 /* Main.storyboard */,
				3057497C259F4BD700BBA682 /* Assets.xcassets */,
				3057497E259F4BD700BBA682 /* LaunchScreen.storyboard */,
				30574981259F4BD700BBA682 /* Info.plist */,
				30574982259F4BD700BBA682 /* main.m */,
			);
			path = Transform;
			sourceTree = "<group>";
		};
		3057498B259F4BD800BBA682 /* TransformTests */ = {
			isa = PBXGroup;
			children = (
				3057498C259F4BD800BBA682 /* TransformTests.m */,
				3057498E259F4BD800BBA682 /* Info.plist */,
			);
			path = TransformTests;
			sourceTree = "<group>";
		};
		30574996259F4BD800BBA682 /* TransformUITests */ = {
			isa = PBXGroup;
			children = (
				30574997259F4BD800BBA682 /* TransformUITests.m */,
				30574999259F4BD800BBA682 /* Info.plist */,
			);
			path = TransformUITests;
			sourceTree = "<group>";
		};
/* End PBXGroup section */

/* Begin PBXNativeTarget section */
		3057496C259F4BD400BBA682 /* Transform */ = {
			isa = PBXNativeTarget;
			buildConfigurationList = 3057499C259F4BD800BBA682 /* Build configuration list for PBXNativeTarget "Transform" */;
			buildPhases = (
				30574969259F4BD400BBA682 /* Sources */,
				3057496A259F4BD400BBA682 /* Frameworks */,
				3057496B259F4BD400BBA682 /* Resources */,
			);
			buildRules = (
			);
			dependencies = (
			);
			name = Transform;
			productName = Transform;
			productReference = 3057496D259F4BD400BBA682 /* Transform.app */;
			productType = "com.apple.product-type.application";
		};
		30574987259F4BD800BBA682 /* TransformTests */ = {
			isa = PBXNativeTarget;
			buildConfigurationList = 3057499F259F4BD800BBA682 /* Build configuration list for PBXNativeTarget "TransformTests" */;
			buildPhases = (
				30574984259F4BD800BBA682 /* Sources */,
				30574985259F4BD800BBA682 /* Frameworks */,
				30574986259F4BD800BBA682 /* Resources */,
			);
			buildRules = (
			);
			dependencies = (
				3057498A259F4BD800BBA682 /* PBXTargetDependency */,
			);
			name = TransformTests;
			productName = TransformTests;
			productReference = 30574988259F4BD800BBA682 /* TransformTests.xctest */;
			productType = "com.apple.product-type.bundle.unit-test";
		};
		30574992259F4BD800BBA682 /* TransformUITests */ = {
			isa = PBXNativeTarget;
			buildConfigurationList = 305749A2259F4BD800BBA682 /* Build configuration list for PBXNativeTarget "TransformUITests" */;
			buildPhases = (
				3057498F259F4BD800BBA682 /* Sources */,
				30574990259F4BD800BBA682 /* Frameworks */,
				30574991259F4BD800BBA682 /* Resources */,
			);
			buildRules = (
			);
			dependencies = (
				30574995259F4BD800BBA682 /* PBXTargetDependency */,
			);
			name = TransformUITests;
			productName = TransformUITests;
			productReference = 30574993259F4BD800BBA682 /* TransformUITests.xctest */;
			productType = "com.apple.product-type.bundle.ui-testing";
		};
/* End PBXNativeTarget section */

/* Begin PBXProject section */
		30574965259F4BD400BBA682 /* Project object */ = {
			isa = PBXProject;
			attributes = {
				LastUpgradeCheck = 1120;
				ORGANIZATIONNAME = "xianshuai Quan";
				TargetAttributes = {
					3057496C259F4BD400BBA682 = {
						CreatedOnToolsVersion = 11.2;
					};
					30574987259F4BD800BBA682 = {
						CreatedOnToolsVersion = 11.2;
						TestTargetID = 3057496C259F4BD400BBA682;
					};
					30574992259F4BD800BBA682 = {
						CreatedOnToolsVersion = 11.2;
						TestTargetID = 3057496C259F4BD400BBA682;
					};
				};
			};
			buildConfigurationList = 30574968259F4BD400BBA682 /* Build configuration list for PBXProject "Transform" */;
			compatibilityVersion = "Xcode 9.3";
			developmentRegion = en;
			hasScannedForEncodings = 0;
			knownRegions = (
				en,
				Base,
			);
			mainGroup = 30574964259F4BD400BBA682;
			productRefGroup = 3057496E259F4BD400BBA682 /* Products */;
			projectDirPath = "";
			projectRoot = "";
			targets = (
				3057496C259F4BD400BBA682 /* Transform */,
				30574987259F4BD800BBA682 /* TransformTests */,
				30574992259F4BD800BBA682 /* TransformUITests */,
			);
		};
/* End PBXProject section */

/* Begin PBXResourcesBuildPhase section */
		3057496B259F4BD400BBA682 /* Resources */ = {
			isa = PBXResourcesBuildPhase;
			buildActionMask = 2147483647;
			files = (
				30574980259F4BD700BBA682 /* LaunchScreen.storyboard in Resources */,
				3057497D259F4BD700BBA682 /* Assets.xcassets in Resources */,
				3057497B259F4BD400BBA682 /* Main.storyboard in Resources */,
			);
			runOnlyForDeploymentPostprocessing = 0;
		};
		30574986259F4BD800BBA682 /* Resources */ = {
			isa = PBXResourcesBuildPhase;
			buildActionMask = 2147483647;
			files = (
			);
			runOnlyForDeploymentPostprocessing = 0;
		};
		30574991259F4BD800BBA682 /* Resources */ = {
			isa = PBXResourcesBuildPhase;
			buildActionMask = 2147483647;
			files = (
			);
			runOnlyForDeploymentPostprocessing = 0;
		};
/* End PBXResourcesBuildPhase section */

/* Begin PBXSourcesBuildPhase section */
		30574969259F4BD400BBA682 /* Sources */ = {
			isa = PBXSourcesBuildPhase;
			buildActionMask = 2147483647;
			files = (
				30574978259F4BD400BBA682 /* ViewController.m in Sources */,
				30574972259F4BD400BBA682 /* AppDelegate.m in Sources */,
				30574983259F4BD700BBA682 /* main.m in Sources */,
				30574975259F4BD400BBA682 /* SceneDelegate.m in Sources */,
			);
			runOnlyForDeploymentPostprocessing = 0;
		};
		30574984259F4BD800BBA682 /* Sources */ = {
			isa = PBXSourcesBuildPhase;
			buildActionMask = 2147483647;
			files = (
				3057498D259F4BD800BBA682 /* TransformTests.m in Sources */,
			);
			runOnlyForDeploymentPostprocessing = 0;
		};
		3057498F259F4BD800BBA682 /* Sources */ = {
			isa = PBXSourcesBuildPhase;
			buildActionMask = 2147483647;
			files = (
				30574998259F4BD800BBA682 /* TransformUITests.m in Sources */,
			);
			runOnlyForDeploymentPostprocessing = 0;
		};
/* End PBXSourcesBuildPhase section */

/* Begin PBXTargetDependency section */
		3057498A259F4BD800BBA682 /* PBXTargetDependency */ = {
			isa = PBXTargetDependency;
			target = 3057496C259F4BD400BBA682 /* Transform */;
			targetProxy = 30574989259F4BD800BBA682 /* PBXContainerItemProxy */;
		};
		30574995259F4BD800BBA682 /* PBXTargetDependency */ = {
			isa = PBXTargetDependency;
			target = 3057496C259F4BD400BBA682 /* Transform */;
			targetProxy = 30574994259F4BD800BBA682 /* PBXContainerItemProxy */;
		};
/* End PBXTargetDependency section */

/* Begin PBXVariantGroup section */
		30574979259F4BD400BBA682 /* Main.storyboard */ = {
			isa = PBXVariantGroup;
			children = (
				3057497A259F4BD400BBA682 /* Base */,
			);
			name = Main.storyboard;
			sourceTree = "<group>";
		};
		3057497E259F4BD700BBA682 /* LaunchScreen.storyboard */ = {
			isa = PBXVariantGroup;
			children = (
				3057497F259F4BD700BBA682 /* Base */,
			);
			name = LaunchScreen.storyboard;
			sourceTree = "<group>";
		};
/* End PBXVariantGroup section */

/* Begin XCBuildConfiguration section */
		3057499A259F4BD800BBA682 /* Debug */ = {
			isa = XCBuildConfiguration;
			buildSettings = {
				ALWAYS_SEARCH_USER_PATHS = NO;
				CLANG_ANALYZER_NONNULL = YES;
				CLANG_ANALYZER_NUMBER_OBJECT_CONVERSION = YES_AGGRESSIVE;
				CLANG_CXX_LANGUAGE_STANDARD = "gnu++14";
				CLANG_CXX_LIBRARY = "libc++";
				CLANG_ENABLE_MODULES = YES;
				CLANG_ENABLE_OBJC_ARC = YES;
				CLANG_ENABLE_OBJC_WEAK = YES;
				CLANG_WARN_BLOCK_CAPTURE_AUTORELEASING = YES;
				CLANG_WARN_BOOL_CONVERSION = YES;
				CLANG_WARN_COMMA = YES;
				CLANG_WARN_CONSTANT_CONVERSION = YES;
				CLANG_WARN_DEPRECATED_OBJC_IMPLEMENTATIONS = YES;
				CLANG_WARN_DIRECT_OBJC_ISA_USAGE = YES_ERROR;
				CLANG_WARN_DOCUMENTATION_COMMENTS = YES;
				CLANG_WARN_EMPTY_BODY = YES;
				CLANG_WARN_ENUM_CONVERSION = YES;
				CLANG_WARN_INFINITE_RECURSION = YES;
				CLANG_WARN_INT_CONVERSION = YES;
				CLANG_WARN_NON_LITERAL_NULL_CONVERSION = YES;
				CLANG_WARN_OBJC_IMPLICIT_RETAIN_SELF = YES;
				CLANG_WARN_OBJC_LITERAL_CONVERSION = YES;
				CLANG_WARN_OBJC_ROOT_CLASS = YES_ERROR;
				CLANG_WARN_RANGE_LOOP_ANALYSIS = YES;
				CLANG_WARN_STRICT_PROTOTYPES = YES;
				CLANG_WARN_SUSPICIOUS_MOVE = YES;
				CLANG_WARN_UNGUARDED_AVAILABILITY = YES_AGGRESSIVE;
				CLANG_WARN_UNREACHABLE_CODE = YES;
				CLANG_WARN__DUPLICATE_METHOD_MATCH = YES;
				COPY_PHASE_STRIP = NO;
				DEBUG_INFORMATION_FORMAT = dwarf;
				ENABLE_STRICT_OBJC_MSGSEND = YES;
				ENABLE_TESTABILITY = YES;
				GCC_C_LANGUAGE_STANDARD = gnu11;
				GCC_DYNAMIC_NO_PIC = NO;
				GCC_NO_COMMON_BLOCKS = YES;
				GCC_OPTIMIZATION_LEVEL = 0;
				GCC_PREPROCESSOR_DEFINITIONS = (
					"DEBUG=1",
					"$(inherited)",
				);
				GCC_WARN_64_TO_32_BIT_CONVERSION = YES;
				GCC_WARN_ABOUT_RETURN_TYPE = YES_ERROR;
				GCC_WARN_UNDECLARED_SELECTOR = YES;
				GCC_WARN_UNINITIALIZED_AUTOS = YES_AGGRESSIVE;
				GCC_WARN_UNUSED_FUNCTION = YES;
				GCC_WARN_UNUSED_VARIABLE = YES;
				IPHONEOS_DEPLOYMENT_TARGET = 13.2;
				MTL_ENABLE_DEBUG_INFO = INCLUDE_SOURCE;
				MTL_FAST_MATH = YES;
				ONLY_ACTIVE_ARCH = YES;
				SDKROOT = iphoneos;
			};
			name = Debug;
		};
		3057499B259F4BD800BBA682 /* Release */ = {
			isa = XCBuildConfiguration;
			buildSettings = {
				ALWAYS_SEARCH_USER_PATHS = NO;
				CLANG_ANALYZER_NONNULL = YES;
				CLANG_ANALYZER_NUMBER_OBJECT_CONVERSION = YES_AGGRESSIVE;
				CLANG_CXX_LANGUAGE_STANDARD = "gnu++14";
				CLANG_CXX_LIBRARY = "libc++";
				CLANG_ENABLE_MODULES = YES;
				CLANG_ENABLE_OBJC_ARC = YES;
				CLANG_ENABLE_OBJC_WEAK = YES;
				CLANG_WARN_BLOCK_CAPTURE_AUTORELEASING = YES;
				CLANG_WARN_BOOL_CONVERSION = YES;
				CLANG_WARN_COMMA = YES;
				CLANG_WARN_CONSTANT_CONVERSION = YES;
				CLANG_WARN_DEPRECATED_OBJC_IMPLEMENTATIONS = YES;
				CLANG_WARN_DIRECT_OBJC_ISA_USAGE = YES_ERROR;
				CLANG_WARN_DOCUMENTATION_COMMENTS = YES;
				CLANG_WARN_EMPTY_BODY = YES;
				CLANG_WARN_ENUM_CONVERSION = YES;
				CLANG_WARN_INFINITE_RECURSION = YES;
				CLANG_WARN_INT_CONVERSION = YES;
				CLANG_WARN_NON_LITERAL_NULL_CONVERSION = YES;
				CLANG_WARN_OBJC_IMPLICIT_RETAIN_SELF = YES;
				CLANG_WARN_OBJC_LITERAL_CONVERSION = YES;
				CLANG_WARN_OBJC_ROOT_CLASS = YES_ERROR;
				CLANG_WARN_RANGE_LOOP_ANALYSIS = YES;
				CLANG_WARN_STRICT_PROTOTYPES = YES;
				CLANG_WARN_SUSPICIOUS_MOVE = YES;
				CLANG_WARN_UNGUARDED_AVAILABILITY = YES_AGGRESSIVE;
				CLANG_WARN_UNREACHABLE_CODE = YES;
				CLANG_WARN__DUPLICATE_METHOD_MATCH = YES;
				COPY_PHASE_STRIP = NO;
				DEBUG_INFORMATION_FORMAT = "dwarf-with-dsym";
				ENABLE_NS_ASSERTIONS = NO;
				ENABLE_STRICT_OBJC_MSGSEND = YES;
				GCC_C_LANGUAGE_STANDARD = gnu11;
				GCC_NO_COMMON_BLOCKS = YES;
				GCC_WARN_64_TO_32_BIT_CONVERSION = YES;
				GCC_WARN_ABOUT_RETURN_TYPE = YES_ERROR;
				GCC_WARN_UNDECLARED_SELECTOR = YES;
				GCC_WARN_UNINITIALIZED_AUTOS = YES_AGGRESSIVE;
				GCC_WARN_UNUSED_FUNCTION = YES;
				GCC_WARN_UNUSED_VARIABLE = YES;
				IPHONEOS_DEPLOYMENT_TARGET = 13.2;
				MTL_ENABLE_DEBUG_INFO = NO;
				MTL_FAST_MATH = YES;
				SDKROOT = iphoneos;
				VALIDATE_PRODUCT = YES;
			};
			name = Release;
		};
		3057499D259F4BD800BBA682 /* Debug */ = {
			isa = XCBuildConfiguration;
			buildSettings = {
				ASSETCATALOG_COMPILER_APPICON_NAME = AppIcon;
				CODE_SIGN_STYLE = Automatic;
				INFOPLIST_FILE = Transform/Info.plist;
				LD_RUNPATH_SEARCH_PATHS = (
					"$(inherited)",
					"@executable_path/Frameworks",
				);
				PRODUCT_BUNDLE_IDENTIFIER = com.quanxs.Transform;
				PRODUCT_NAME = "$(TARGET_NAME)";
				TARGETED_DEVICE_FAMILY = "1,2";
			};
			name = Debug;
		};
		3057499E259F4BD800BBA682 /* Release */ = {
			isa = XCBuildConfiguration;
			buildSettings = {
				ASSETCATALOG_COMPILER_APPICON_NAME = AppIcon;
				CODE_SIGN_STYLE = Automatic;
				INFOPLIST_FILE = Transform/Info.plist;
				LD_RUNPATH_SEARCH_PATHS = (
					"$(inherited)",
					"@executable_path/Frameworks",
				);
				PRODUCT_BUNDLE_IDENTIFIER = com.quanxs.Transform;
				PRODUCT_NAME = "$(TARGET_NAME)";
				TARGETED_DEVICE_FAMILY = "1,2";
			};
			name = Release;
		};
		305749A0259F4BD800BBA682 /* Debug */ = {
			isa = XCBuildConfiguration;
			buildSettings = {
				BUNDLE_LOADER = "$(TEST_HOST)";
				CODE_SIGN_STYLE = Automatic;
				INFOPLIST_FILE = TransformTests/Info.plist;
				IPHONEOS_DEPLOYMENT_TARGET = 13.2;
				LD_RUNPATH_SEARCH_PATHS = (
					"$(inherited)",
					"@executable_path/Frameworks",
					"@loader_path/Frameworks",
				);
				PRODUCT_BUNDLE_IDENTIFIER = com.quanxs.TransformTests;
				PRODUCT_NAME = "$(TARGET_NAME)";
				TARGETED_DEVICE_FAMILY = "1,2";
				TEST_HOST = "$(BUILT_PRODUCTS_DIR)/Transform.app/Transform";
			};
			name = Debug;
		};
		305749A1259F4BD800BBA682 /* Release */ = {
			isa = XCBuildConfiguration;
			buildSettings = {
				BUNDLE_LOADER = "$(TEST_HOST)";
				CODE_SIGN_STYLE = Automatic;
				INFOPLIST_FILE = TransformTests/Info.plist;
				IPHONEOS_DEPLOYMENT_TARGET = 13.2;
				LD_RUNPATH_SEARCH_PATHS = (
					"$(inherited)",
					"@executable_path/Frameworks",
					"@loader_path/Frameworks",
				);
				PRODUCT_BUNDLE_IDENTIFIER = com.quanxs.TransformTests;
				PRODUCT_NAME = "$(TARGET_NAME)";
				TARGETED_DEVICE_FAMILY = "1,2";
				TEST_HOST = "$(BUILT_PRODUCTS_DIR)/Transform.app/Transform";
			};
			name = Release;
		};
		305749A3259F4BD800BBA682 /* Debug */ = {
			isa = XCBuildConfiguration;
			buildSettings = {
				CODE_SIGN_STYLE = Automatic;
				INFOPLIST_FILE = TransformUITests/Info.plist;
				LD_RUNPATH_SEARCH_PATHS = (
					"$(inherited)",
					"@executable_path/Frameworks",
					"@loader_path/Frameworks",
				);
				PRODUCT_BUNDLE_IDENTIFIER = com.quanxs.TransformUITests;
				PRODUCT_NAME = "$(TARGET_NAME)";
				TARGETED_DEVICE_FAMILY = "1,2";
				TEST_TARGET_NAME = Transform;
			};
			name = Debug;
		};
		305749A4259F4BD800BBA682 /* Release */ = {
			isa = XCBuildConfiguration;
			buildSettings = {
				CODE_SIGN_STYLE = Automatic;
				INFOPLIST_FILE = TransformUITests/Info.plist;
				LD_RUNPATH_SEARCH_PATHS = (
					"$(inherited)",
					"@executable_path/Frameworks",
					"@loader_path/Frameworks",
				);
				PRODUCT_BUNDLE_IDENTIFIER = com.quanxs.TransformUITests;
				PRODUCT_NAME = "$(TARGET_NAME)";
				TARGETED_DEVICE_FAMILY = "1,2";
				TEST_TARGET_NAME = Transform;
			};
			name = Release;
		};
/* End XCBuildConfiguration section */

/* Begin XCConfigurationList section */
		30574968259F4BD400BBA682 /* Build configuration list for PBXProject "Transform" */ = {
			isa = XCConfigurationList;
			buildConfigurations = (
				3057499A259F4BD800BBA682 /* Debug */,
				3057499B259F4BD800BBA682 /* Release */,
			);
			defaultConfigurationIsVisible = 0;
			defaultConfigurationName = Release;
		};
		3057499C259F4BD800BBA682 /* Build configuration list for PBXNativeTarget "Transform" */ = {
			isa = XCConfigurationList;
			buildConfigurations = (
				3057499D259F4BD800BBA682 /* Debug */,
				3057499E259F4BD800BBA682 /* Release */,
			);
			defaultConfigurationIsVisible = 0;
			defaultConfigurationName = Release;
		};
		3057499F259F4BD800BBA682 /* Build configuration list for PBXNativeTarget "TransformTests" */ = {
			isa = XCConfigurationList;
			buildConfigurations = (
				305749A0259F4BD800BBA682 /* Debug */,
				305749A1259F4BD800BBA682 /* Release */,
			);
			defaultConfigurationIsVisible = 0;
			defaultConfigurationName = Release;
		};
		305749A2259F4BD800BBA682 /* Build configuration list for PBXNativeTarget "TransformUITests" */ = {
			isa = XCConfigurationList;
			buildConfigurations = (
				305749A3259F4BD800BBA682 /* Debug */,
				305749A4259F4BD800BBA682 /* Release */,
			);
			defaultConfigurationIsVisible = 0;
			defaultConfigurationName = Release;
		};
/* End XCConfigurationList section */
	};
	rootObject = 30574965259F4BD400BBA682 /* Project object */;
}
